
Microsoft Visual Studio Solution File, Format Version 12.00
# Visual Studio Version 17
VisualStudioVersion = 17.8.34330.188
MinimumVisualStudioVersion = 10.0.40219.1
Project("{F184B08F-C81C-45F6-A57F-5ABD9991F28F}") = "SOMSCustomUX", "SOMSCustomUX.vbproj", "{3297BFD3-C084-46E5-9A3C-862CFD410740}"
EndProject
Global
	GlobalSection(SolutionConfigurationPlatforms) = preSolution
		Debug|Any CPU = Debug|Any CPU
		Release|Any CPU = Release|Any CPU
	EndGlobalSection
	GlobalSection(ProjectConfigurationPlatforms) = postSolution
		{3297BFD3-C084-46E5-9A3C-862CFD410740}.Debug|Any CPU.ActiveCfg = Debug|Any CPU
		{3297BFD3-C084-46E5-9A3C-862CFD410740}.Debug|Any CPU.Build.0 = Debug|Any CPU
		{3297BFD3-C084-46E5-9A3C-862CFD410740}.Release|Any CPU.ActiveCfg = Release|Any CPU
		{3297BFD3-C084-46E5-9A3C-862CFD410740}.Release|Any CPU.Build.0 = Release|Any CPU
	EndGlobalSection
	GlobalSection(SolutionProperties) = preSolution
		HideSolutionNode = FALSE
	EndGlobalSection
	GlobalSection(ExtensibilityGlobals) = postSolution
		SolutionGuid = {3A504038-E7AB-40F7-AE30-13DD8F0A9967}
	EndGlobalSection
EndGlobal
